
Microsoft Visual Studio Solution File, Format Version 12.00
# Visual Studio Version 17
VisualStudioVersion = 17.5.002.0
MinimumVisualStudioVersion = 10.0.40219.1
Project("{9A19103F-16F7-4668-BE54-9A1E7A4F7556}") = "app-account", "app-account\app-account.csproj", "{B326760F-C348-4B7A-BEFE-B156B8C9F8CA}"
EndProject
Global
	GlobalSection(SolutionConfigurationPlatforms) = preSolution
		Debug|Any CPU = Debug|Any CPU
		Release|Any CPU = Release|Any CPU
	EndGlobalSection
	GlobalSection(ProjectConfigurationPlatforms) = postSolution
		{B326760F-C348-4B7A-BEFE-B156B8C9F8CA}.Debug|Any CPU.ActiveCfg = Debug|Any CPU
		{B326760F-C348-4B7A-BEFE-B156B8C9F8CA}.Debug|Any CPU.Build.0 = Debug|Any CPU
		{B326760F-C348-4B7A-BEFE-B156B8C9F8CA}.Release|Any CPU.ActiveCfg = Release|Any CPU
		{B326760F-C348-4B7A-BEFE-B156B8C9F8CA}.Release|Any CPU.Build.0 = Release|Any CPU
	EndGlobalSection
	GlobalSection(SolutionProperties) = preSolution
		HideSolutionNode = FALSE
	EndGlobalSection
	GlobalSection(ExtensibilityGlobals) = postSolution
		SolutionGuid = {730499CD-F261-487A-94D5-4088F51FD503}
	EndGlobalSection
EndGlobal
